<?xml version="1.0" encoding="utf-8"?>
<Project ToolsVersion="4.0" xmlns="http://schemas.microsoft.com/developer/msbuild/2003">
  <ItemGroup>
    <Filter Include="Source Files">
      <UniqueIdentifier>{4FC737F1-C7A5-4376-A066-2A32D752A2FF}</UniqueIdentifier>
      <Extensions>cpp;c;cc;cxx;c++;cppm;ixx;def;odl;idl;hpj;bat;asm;asmx</Extensions>
    </Filter>
    <Filter Include="Header Files">
      <UniqueIdentifier>{93995380-89BD-4b04-88EB-625FBE52EBFB}</UniqueIdentifier>
      <Extensions>h;hh;hpp;hxx;h++;hm;inl;inc;ipp;xsd</Extensions>
    </Filter>
    <Filter Include="Resource Files">
      <UniqueIdentifier>{67DA6AB6-F800-4c08-8B7A-83BB121AAD01}</UniqueIdentifier>
      <Extensions>rc;ico;cur;bmp;dlg;rc2;rct;bin;rgs;gif;jpg;jpeg;jpe;resx;tiff;tif;png;wav;mfcribbon-ms</Extensions>
    </Filter>
    <Filter Include="DriverCommands">
      <UniqueIdentifier>{e704caab-16d9-4808-b548-eb6fbd5d723d}</UniqueIdentifier>
    </Filter>
    <Filter Include="ClientCommands">
      <UniqueIdentifier>{b36a8786-616b-4e7e-9c62-6deda9b3b8f3}</UniqueIdentifier>
    </Filter>
    <Filter Include="Commands">
      <UniqueIdentifier>{b64a0477-0b90-4ccf-a678-948765f73da3}</UniqueIdentifier>
    </Filter>
  </ItemGroup>
  <ItemGroup>
    <ClCompile Include="Uber_CourseProject_OOP.cpp">
      <Filter>Source Files</Filter>
    </ClCompile>
    <ClCompile Include="User.cpp">
      <Filter>Source Files</Filter>
    </ClCompile>
    <ClCompile Include="MyString.cpp">
      <Filter>Source Files</Filter>
    </ClCompile>
    <ClCompile Include="Client.cpp">
      <Filter>Source Files</Filter>
    </ClCompile>
    <ClCompile Include="Address.cpp">
      <Filter>Source Files</Filter>
    </ClCompile>
    <ClCompile Include="Order.cpp">
      <Filter>Source Files</Filter>
    </ClCompile>
    <ClCompile Include="OrderMessage.cpp">
      <Filter>Source Files</Filter>
    </ClCompile>
    <ClCompile Include="PaymentMessage.cpp">
      <Filter>Source Files</Filter>
    </ClCompile>
    <ClCompile Include="Driver.cpp">
      <Filter>Source Files</Filter>
    </ClCompile>
    <ClCompile Include="System.cpp">
      <Filter>Source Files</Filter>
    </ClCompile>
    <ClCompile Include="ClientCommand1.cpp">
      <Filter>ClientCommands</Filter>
    </ClCompile>
    <ClCompile Include="ClientCommand2.cpp">
      <Filter>ClientCommands</Filter>
    </ClCompile>
    <ClCompile Include="ClientCommand3.cpp">
      <Filter>ClientCommands</Filter>
    </ClCompile>
    <ClCompile Include="ClientCommand4.cpp">
      <Filter>ClientCommands</Filter>
    </ClCompile>
    <ClCompile Include="ClientCommand5.cpp">
      <Filter>ClientCommands</Filter>
    </ClCompile>
    <ClCompile Include="ClientCommand6.cpp">
      <Filter>ClientCommands</Filter>
    </ClCompile>
    <ClCompile Include="ClientCommandExecutor.cpp">
      <Filter>ClientCommands</Filter>
    </ClCompile>
    <ClCompile Include="ClientCommandFactory.cpp">
      <Filter>ClientCommands</Filter>
    </ClCompile>
    <ClCompile Include="DriverCommand1.cpp">
      <Filter>DriverCommands</Filter>
    </ClCompile>
    <ClCompile Include="DriverCommand2.cpp">
      <Filter>DriverCommands</Filter>
    </ClCompile>
    <ClCompile Include="DriverCommand3.cpp">
      <Filter>DriverCommands</Filter>
    </ClCompile>
    <ClCompile Include="DriverCommand4.cpp">
      <Filter>DriverCommands</Filter>
    </ClCompile>
    <ClCompile Include="DriverCommand5.cpp">
      <Filter>DriverCommands</Filter>
    </ClCompile>
    <ClCompile Include="DriverCommand6.cpp">
      <Filter>DriverCommands</Filter>
    </ClCompile>
    <ClCompile Include="DriverCommandExecutor.cpp">
      <Filter>DriverCommands</Filter>
    </ClCompile>
    <ClCompile Include="DriverCommandFactory.cpp">
      <Filter>DriverCommands</Filter>
    </ClCompile>
    <ClCompile Include="Command1.cpp">
      <Filter>Commands</Filter>
    </ClCompile>
    <ClCompile Include="Command2.cpp">
      <Filter>Commands</Filter>
    </ClCompile>
    <ClCompile Include="CommandExecutor.cpp">
      <Filter>Commands</Filter>
    </ClCompile>
    <ClCompile Include="CommandFactory.cpp">
      <Filter>Commands</Filter>
    </ClCompile>
    <ClCompile Include="Command3.cpp">
      <Filter>Commands</Filter>
    </ClCompile>
    <ClCompile Include="DriverCommand7.cpp">
      <Filter>DriverCommands</Filter>
    </ClCompile>
    <ClCompile Include="ClientCommand7.cpp">
      <Filter>ClientCommands</Filter>
    </ClCompile>
  </ItemGroup>
  <ItemGroup>
    <ClInclude Include="User.h">
      <Filter>Header Files</Filter>
    </ClInclude>
    <ClInclude Include="MyString.h">
      <Filter>Header Files</Filter>
    </ClInclude>
    <ClInclude Include="Client.h">
      <Filter>Header Files</Filter>
    </ClInclude>
    <ClInclude Include="Address.h">
      <Filter>Header Files</Filter>
    </ClInclude>
    <ClInclude Include="Order.h">
      <Filter>Header Files</Filter>
    </ClInclude>
    <ClInclude Include="Driver.h">
      <Filter>Header Files</Filter>
    </ClInclude>
    <ClInclude Include="Message.h">
      <Filter>Header Files</Filter>
    </ClInclude>
    <ClInclude Include="OrderMessage.h">
      <Filter>Header Files</Filter>
    </ClInclude>
    <ClInclude Include="PaymentMessage.h">
      <Filter>Header Files</Filter>
    </ClInclude>
    <ClInclude Include="Vector.hpp">
      <Filter>Source Files</Filter>
    </ClInclude>
    <ClInclude Include="System.h">
      <Filter>Header Files</Filter>
    </ClInclude>
    <ClInclude Include="ClientCommand.h">
      <Filter>ClientCommands</Filter>
    </ClInclude>
    <ClInclude Include="ClientCommand1.h">
      <Filter>ClientCommands</Filter>
    </ClInclude>
    <ClInclude Include="ClientCommand2.h">
      <Filter>ClientCommands</Filter>
    </ClInclude>
    <ClInclude Include="ClientCommand3.h">
      <Filter>ClientCommands</Filter>
    </ClInclude>
    <ClInclude Include="ClientCommand4.h">
      <Filter>ClientCommands</Filter>
    </ClInclude>
    <ClInclude Include="ClientCommand5.h">
      <Filter>ClientCommands</Filter>
    </ClInclude>
    <ClInclude Include="ClientCommand6.h">
      <Filter>ClientCommands</Filter>
    </ClInclude>
    <ClInclude Include="ClientCommandExecutor.h">
      <Filter>ClientCommands</Filter>
    </ClInclude>
    <ClInclude Include="ClientCommandFactory.h">
      <Filter>ClientCommands</Filter>
    </ClInclude>
    <ClInclude Include="DriverCommand.h">
      <Filter>DriverCommands</Filter>
    </ClInclude>
    <ClInclude Include="DriverCommand1.h">
      <Filter>DriverCommands</Filter>
    </ClInclude>
    <ClInclude Include="DriverCommand2.h">
      <Filter>DriverCommands</Filter>
    </ClInclude>
    <ClInclude Include="DriverCommand3.h">
      <Filter>DriverCommands</Filter>
    </ClInclude>
    <ClInclude Include="DriverCommand4.h">
      <Filter>DriverCommands</Filter>
    </ClInclude>
    <ClInclude Include="DriverCommand5.h">
      <Filter>DriverCommands</Filter>
    </ClInclude>
    <ClInclude Include="DriverCommand6.h">
      <Filter>DriverCommands</Filter>
    </ClInclude>
    <ClInclude Include="DriverCommandExecutor.h">
      <Filter>DriverCommands</Filter>
    </ClInclude>
    <ClInclude Include="DriverCommandFactory.h">
      <Filter>DriverCommands</Filter>
    </ClInclude>
    <ClInclude Include="Command.h">
      <Filter>Commands</Filter>
    </ClInclude>
    <ClInclude Include="Command1.h">
      <Filter>Commands</Filter>
    </ClInclude>
    <ClInclude Include="Command2.h">
      <Filter>Commands</Filter>
    </ClInclude>
    <ClInclude Include="CommandExecutor.h">
      <Filter>Commands</Filter>
    </ClInclude>
    <ClInclude Include="CommandFactory.h">
      <Filter>Commands</Filter>
    </ClInclude>
    <ClInclude Include="Command3.h">
      <Filter>Commands</Filter>
    </ClInclude>
    <ClInclude Include="DriverCommand7.h">
      <Filter>DriverCommands</Filter>
    </ClInclude>
    <ClInclude Include="ClientCommand7.h">
      <Filter>ClientCommands</Filter>
    </ClInclude>
  </ItemGroup>
</Project>